// !$*UTF8*$!
{
	archiveVersion = 1;
	classes = {
	};
	objectVersion = 55;
	objects = {

/* Begin PBXBuildFile section */
		1D3995F8275CD9F200B8E433 /* HomeViewModel.swift in Sources */ = {isa = PBXBuildFile; fileRef = 1D3995F7275CD9F200B8E433 /* HomeViewModel.swift */; };
		1D3995FA275CDB3F00B8E433 /* TripViewModel.swift in Sources */ = {isa = PBXBuildFile; fileRef = 1D3995F9275CDB3F00B8E433 /* TripViewModel.swift */; };
		1D46266D2763A2C700D3ED21 /* TripViewModelTest.swift in Sources */ = {isa = PBXBuildFile; fileRef = 1D46266C2763A2C700D3ED21 /* TripViewModelTest.swift */; };
		1D46266F2763C2E400D3ED21 /* ProfileViewModelTest.swift in Sources */ = {isa = PBXBuildFile; fileRef = 1D46266E2763C2E400D3ED21 /* ProfileViewModelTest.swift */; };
		1D5256622764B144002F8BF0 /* PhotoPickerView.swift in Sources */ = {isa = PBXBuildFile; fileRef = 1D52565D2764B0BD002F8BF0 /* PhotoPickerView.swift */; };
		1D5256632764B144002F8BF0 /* PhotoPickerViewModel.swift in Sources */ = {isa = PBXBuildFile; fileRef = 1D52565F2764B101002F8BF0 /* PhotoPickerViewModel.swift */; };
		1D52566A2764C2B5002F8BF0 /* PhotoPicker.swift in Sources */ = {isa = PBXBuildFile; fileRef = 1D5256692764C2B4002F8BF0 /* PhotoPicker.swift */; };
		1D52566F2764E4C6002F8BF0 /* ExpenseReportView.swift in Sources */ = {isa = PBXBuildFile; fileRef = 1D52566E2764E4C6002F8BF0 /* ExpenseReportView.swift */; };
		1D5256712764E4D7002F8BF0 /* ExpenseReportViewModel.swift in Sources */ = {isa = PBXBuildFile; fileRef = 1D5256702764E4D7002F8BF0 /* ExpenseReportViewModel.swift */; };
		1DA2657A2763D3B700325D04 /* JetLagViewModelTest.swift in Sources */ = {isa = PBXBuildFile; fileRef = 1DA265792763D3B700325D04 /* JetLagViewModelTest.swift */; };
		1DA2657C2764A46000325D04 /* CurrencyTest.swift in Sources */ = {isa = PBXBuildFile; fileRef = 1DA2657B2764A46000325D04 /* CurrencyTest.swift */; };
		1DAD27B5275DF56000F8773D /* Location.swift in Sources */ = {isa = PBXBuildFile; fileRef = 1DAD27B4275DF56000F8773D /* Location.swift */; };
		1DAD27B7275DF57900F8773D /* ExchangeRates.swift in Sources */ = {isa = PBXBuildFile; fileRef = 1DAD27B6275DF57900F8773D /* ExchangeRates.swift */; };
		1DAD27B9275DF86A00F8773D /* ProfileViewModel.swift in Sources */ = {isa = PBXBuildFile; fileRef = 1DAD27B8275DF86A00F8773D /* ProfileViewModel.swift */; };
		1DAD27BB275DFA5600F8773D /* MapSearchViewModel.swift in Sources */ = {isa = PBXBuildFile; fileRef = 1DAD27BA275DFA5600F8773D /* MapSearchViewModel.swift */; };
		1DAD27BD275DFBC000F8773D /* AddTripViewModel.swift in Sources */ = {isa = PBXBuildFile; fileRef = 1DAD27BC275DFBC000F8773D /* AddTripViewModel.swift */; };
		1DAD27BF275E066200F8773D /* LocationServicesModel.swift in Sources */ = {isa = PBXBuildFile; fileRef = 1DAD27BE275E066200F8773D /* LocationServicesModel.swift */; };
		1DAD27C1275E073D00F8773D /* JetLagViewModel.swift in Sources */ = {isa = PBXBuildFile; fileRef = 1DAD27C0275E073D00F8773D /* JetLagViewModel.swift */; };
		1DB96CEF275B2D39004FF2BD /* Expense+CoreDataClass.swift in Sources */ = {isa = PBXBuildFile; fileRef = 1DB96CED275B2D39004FF2BD /* Expense+CoreDataClass.swift */; };
		1DB96CF0275B2D39004FF2BD /* Expense+CoreDataProperties.swift in Sources */ = {isa = PBXBuildFile; fileRef = 1DB96CEE275B2D39004FF2BD /* Expense+CoreDataProperties.swift */; };
		1DC1DA17275F1DFE00A647E1 /* JetLagAdvice.swift in Sources */ = {isa = PBXBuildFile; fileRef = 1DC1DA16275F1DFE00A647E1 /* JetLagAdvice.swift */; };
		1DC1DA2627606E9300A647E1 /* CovidDataTest.swift in Sources */ = {isa = PBXBuildFile; fileRef = 1DC1DA2527606E9300A647E1 /* CovidDataTest.swift */; };
		1DC1DA2A2760761C00A647E1 /* CovidJSON.json in Resources */ = {isa = PBXBuildFile; fileRef = 1DC1DA292760761C00A647E1 /* CovidJSON.json */; };
		1DC1DA2E2760831400A647E1 /* HomeViewModelTest.swift in Sources */ = {isa = PBXBuildFile; fileRef = 1DC1DA2D2760831400A647E1 /* HomeViewModelTest.swift */; };
		1DC1DA322760A05400A647E1 /* Persistence.swift in Sources */ = {isa = PBXBuildFile; fileRef = 1DC1DA312760A05400A647E1 /* Persistence.swift */; };
		1DDB6DF327399ED80079881B /* TravelWellApp.swift in Sources */ = {isa = PBXBuildFile; fileRef = 1DDB6DF227399ED80079881B /* TravelWellApp.swift */; };
		1DDB6DF727399ED90079881B /* Assets.xcassets in Resources */ = {isa = PBXBuildFile; fileRef = 1DDB6DF627399ED90079881B /* Assets.xcassets */; };
		1DDB6DFA27399ED90079881B /* Preview Assets.xcassets in Resources */ = {isa = PBXBuildFile; fileRef = 1DDB6DF927399ED90079881B /* Preview Assets.xcassets */; };
		1DDB6DFC27399ED90079881B /* Persistence.swift in Sources */ = {isa = PBXBuildFile; fileRef = 1DDB6DFB27399ED90079881B /* Persistence.swift */; };
		1DDB6DFF27399ED90079881B /* TravelWell.xcdatamodeld in Sources */ = {isa = PBXBuildFile; fileRef = 1DDB6DFD27399ED90079881B /* TravelWell.xcdatamodeld */; };
		1DDB6E0627399F5C0079881B /* HomeView.swift in Sources */ = {isa = PBXBuildFile; fileRef = 1DDB6E0527399F5C0079881B /* HomeView.swift */; };
		1DDB6E0827399FFB0079881B /* HostingTabBar.swift in Sources */ = {isa = PBXBuildFile; fileRef = 1DDB6E0727399FFB0079881B /* HostingTabBar.swift */; };
		1DDB6E0A2739A0EA0079881B /* ProfileView.swift in Sources */ = {isa = PBXBuildFile; fileRef = 1DDB6E092739A0EA0079881B /* ProfileView.swift */; };
		1DDB6E0C2739A0FC0079881B /* TripsView.swift in Sources */ = {isa = PBXBuildFile; fileRef = 1DDB6E0B2739A0FC0079881B /* TripsView.swift */; };
		1DDB6E0E2739A1090079881B /* MapView.swift in Sources */ = {isa = PBXBuildFile; fileRef = 1DDB6E0D2739A1090079881B /* MapView.swift */; };
		1DDB6E152739B6150079881B /* Model.xcdatamodeld in Sources */ = {isa = PBXBuildFile; fileRef = 1DDB6E132739B6150079881B /* Model.xcdatamodeld */; };
		1DDB6E1B2739C4690079881B /* AddTripView.swift in Sources */ = {isa = PBXBuildFile; fileRef = 1DDB6E1A2739C4690079881B /* AddTripView.swift */; };
		1DDB6E2B2739C6D50079881B /* TripView.swift in Sources */ = {isa = PBXBuildFile; fileRef = 1DDB6E2A2739C6D50079881B /* TripView.swift */; };
		1DDB6E2D2739D34B0079881B /* MapSearchView.swift in Sources */ = {isa = PBXBuildFile; fileRef = 1DDB6E2C2739D34B0079881B /* MapSearchView.swift */; };
		1DDB6E7F273C4ED50079881B /* Amadeus in Frameworks */ = {isa = PBXBuildFile; productRef = 1DDB6E7E273C4ED50079881B /* Amadeus */; };
		1DDB6E8B273F1A610079881B /* CovidData.swift in Sources */ = {isa = PBXBuildFile; fileRef = 1DDB6E8A273F1A610079881B /* CovidData.swift */; };
		1DDB6E8D273FEA620079881B /* CovidDataView.swift in Sources */ = {isa = PBXBuildFile; fileRef = 1DDB6E8C273FEA620079881B /* CovidDataView.swift */; };
		1DDB6E8F27465FA70079881B /* JetLagView.swift in Sources */ = {isa = PBXBuildFile; fileRef = 1DDB6E8E27465FA70079881B /* JetLagView.swift */; };
		1DDB6E9E2746702A0079881B /* Favourite+CoreDataClass.swift in Sources */ = {isa = PBXBuildFile; fileRef = 1DDB6E982746702A0079881B /* Favourite+CoreDataClass.swift */; };
		1DDB6E9F2746702A0079881B /* Favourite+CoreDataProperties.swift in Sources */ = {isa = PBXBuildFile; fileRef = 1DDB6E992746702A0079881B /* Favourite+CoreDataProperties.swift */; };
		1DDB6EA02746702A0079881B /* AppProfile+CoreDataClass.swift in Sources */ = {isa = PBXBuildFile; fileRef = 1DDB6E9A2746702A0079881B /* AppProfile+CoreDataClass.swift */; };
		1DDB6EA12746702A0079881B /* AppProfile+CoreDataProperties.swift in Sources */ = {isa = PBXBuildFile; fileRef = 1DDB6E9B2746702A0079881B /* AppProfile+CoreDataProperties.swift */; };
		1DDB6EA22746702A0079881B /* Trip+CoreDataClass.swift in Sources */ = {isa = PBXBuildFile; fileRef = 1DDB6E9C2746702A0079881B /* Trip+CoreDataClass.swift */; };
		1DDB6EA32746702A0079881B /* Trip+CoreDataProperties.swift in Sources */ = {isa = PBXBuildFile; fileRef = 1DDB6E9D2746702A0079881B /* Trip+CoreDataProperties.swift */; };
		1DF2D281275D730D00AD5E44 /* SafetyRatings.swift in Sources */ = {isa = PBXBuildFile; fileRef = 1DF2D280275D730D00AD5E44 /* SafetyRatings.swift */; };
		1DF2D28F275D893100AD5E44 /* HTMLStringView.swift in Sources */ = {isa = PBXBuildFile; fileRef = 1DF2D28E275D893100AD5E44 /* HTMLStringView.swift */; };
		1DF2D291275D90B900AD5E44 /* ResultView.swift in Sources */ = {isa = PBXBuildFile; fileRef = 1DF2D290275D90B900AD5E44 /* ResultView.swift */; };
		1DF2D293275D918200AD5E44 /* ResultViewModel.swift in Sources */ = {isa = PBXBuildFile; fileRef = 1DF2D292275D918200AD5E44 /* ResultViewModel.swift */; };
/* End PBXBuildFile section */

/* Begin PBXContainerItemProxy section */
		1DC1DA20276046B100A647E1 /* PBXContainerItemProxy */ = {
			isa = PBXContainerItemProxy;
			containerPortal = 1DDB6DE727399ED80079881B /* Project object */;
			proxyType = 1;
			remoteGlobalIDString = 1DDB6DEE27399ED80079881B;
			remoteInfo = TravelWell;
		};
/* End PBXContainerItemProxy section */

/* Begin PBXFileReference section */
		1D3995F7275CD9F200B8E433 /* HomeViewModel.swift */ = {isa = PBXFileReference; lastKnownFileType = sourcecode.swift; path = HomeViewModel.swift; sourceTree = "<group>"; };
		1D3995F9275CDB3F00B8E433 /* TripViewModel.swift */ = {isa = PBXFileReference; lastKnownFileType = sourcecode.swift; path = TripViewModel.swift; sourceTree = "<group>"; };
		1D46266927639BF400D3ED21 /* Info.plist */ = {isa = PBXFileReference; lastKnownFileType = text.plist; path = Info.plist; sourceTree = "<group>"; };
		1D46266C2763A2C700D3ED21 /* TripViewModelTest.swift */ = {isa = PBXFileReference; lastKnownFileType = sourcecode.swift; path = TripViewModelTest.swift; sourceTree = "<group>"; };
		1D46266E2763C2E400D3ED21 /* ProfileViewModelTest.swift */ = {isa = PBXFileReference; lastKnownFileType = sourcecode.swift; path = ProfileViewModelTest.swift; sourceTree = "<group>"; };
		1D52565D2764B0BD002F8BF0 /* PhotoPickerView.swift */ = {isa = PBXFileReference; lastKnownFileType = sourcecode.swift; path = PhotoPickerView.swift; sourceTree = "<group>"; };
		1D52565F2764B101002F8BF0 /* PhotoPickerViewModel.swift */ = {isa = PBXFileReference; lastKnownFileType = sourcecode.swift; path = PhotoPickerViewModel.swift; sourceTree = "<group>"; };
		1D5256692764C2B4002F8BF0 /* PhotoPicker.swift */ = {isa = PBXFileReference; lastKnownFileType = sourcecode.swift; path = PhotoPicker.swift; sourceTree = "<group>"; };
		1D52566E2764E4C6002F8BF0 /* ExpenseReportView.swift */ = {isa = PBXFileReference; lastKnownFileType = sourcecode.swift; path = ExpenseReportView.swift; sourceTree = "<group>"; };
		1D5256702764E4D7002F8BF0 /* ExpenseReportViewModel.swift */ = {isa = PBXFileReference; lastKnownFileType = sourcecode.swift; path = ExpenseReportViewModel.swift; sourceTree = "<group>"; };
		1DA265792763D3B700325D04 /* JetLagViewModelTest.swift */ = {isa = PBXFileReference; lastKnownFileType = sourcecode.swift; path = JetLagViewModelTest.swift; sourceTree = "<group>"; };
		1DA2657B2764A46000325D04 /* CurrencyTest.swift */ = {isa = PBXFileReference; lastKnownFileType = sourcecode.swift; path = CurrencyTest.swift; sourceTree = "<group>"; };
		1DA2657D2764A5CB00325D04 /* CurrencyJSON.json */ = {isa = PBXFileReference; lastKnownFileType = text.json; path = CurrencyJSON.json; sourceTree = "<group>"; };
		1DAD27B4275DF56000F8773D /* Location.swift */ = {isa = PBXFileReference; lastKnownFileType = sourcecode.swift; path = Location.swift; sourceTree = "<group>"; };
		1DAD27B6275DF57900F8773D /* ExchangeRates.swift */ = {isa = PBXFileReference; lastKnownFileType = sourcecode.swift; path = ExchangeRates.swift; sourceTree = "<group>"; };
		1DAD27B8275DF86A00F8773D /* ProfileViewModel.swift */ = {isa = PBXFileReference; lastKnownFileType = sourcecode.swift; path = ProfileViewModel.swift; sourceTree = "<group>"; };
		1DAD27BA275DFA5600F8773D /* MapSearchViewModel.swift */ = {isa = PBXFileReference; lastKnownFileType = sourcecode.swift; path = MapSearchViewModel.swift; sourceTree = "<group>"; };
		1DAD27BC275DFBC000F8773D /* AddTripViewModel.swift */ = {isa = PBXFileReference; lastKnownFileType = sourcecode.swift; path = AddTripViewModel.swift; sourceTree = "<group>"; };
		1DAD27BE275E066200F8773D /* LocationServicesModel.swift */ = {isa = PBXFileReference; lastKnownFileType = sourcecode.swift; path = LocationServicesModel.swift; sourceTree = "<group>"; };
		1DAD27C0275E073D00F8773D /* JetLagViewModel.swift */ = {isa = PBXFileReference; lastKnownFileType = sourcecode.swift; path = JetLagViewModel.swift; sourceTree = "<group>"; };
		1DB96CED275B2D39004FF2BD /* Expense+CoreDataClass.swift */ = {isa = PBXFileReference; lastKnownFileType = sourcecode.swift; path = "Expense+CoreDataClass.swift"; sourceTree = "<group>"; };
		1DB96CEE275B2D39004FF2BD /* Expense+CoreDataProperties.swift */ = {isa = PBXFileReference; lastKnownFileType = sourcecode.swift; path = "Expense+CoreDataProperties.swift"; sourceTree = "<group>"; };
		1DC1DA16275F1DFE00A647E1 /* JetLagAdvice.swift */ = {isa = PBXFileReference; lastKnownFileType = sourcecode.swift; path = JetLagAdvice.swift; sourceTree = "<group>"; };
		1DC1DA1C276046B100A647E1 /* TravelWellTests.xctest */ = {isa = PBXFileReference; explicitFileType = wrapper.cfbundle; includeInIndex = 0; path = TravelWellTests.xctest; sourceTree = BUILT_PRODUCTS_DIR; };
		1DC1DA2527606E9300A647E1 /* CovidDataTest.swift */ = {isa = PBXFileReference; lastKnownFileType = sourcecode.swift; path = CovidDataTest.swift; sourceTree = "<group>"; };
		1DC1DA292760761C00A647E1 /* CovidJSON.json */ = {isa = PBXFileReference; lastKnownFileType = text.json; path = CovidJSON.json; sourceTree = "<group>"; };
		1DC1DA2D2760831400A647E1 /* HomeViewModelTest.swift */ = {isa = PBXFileReference; lastKnownFileType = sourcecode.swift; path = HomeViewModelTest.swift; sourceTree = "<group>"; };
		1DC1DA312760A05400A647E1 /* Persistence.swift */ = {isa = PBXFileReference; lastKnownFileType = sourcecode.swift; path = Persistence.swift; sourceTree = "<group>"; };
		1DDB6DEF27399ED80079881B /* TravelWell.app */ = {isa = PBXFileReference; explicitFileType = wrapper.application; includeInIndex = 0; path = TravelWell.app; sourceTree = BUILT_PRODUCTS_DIR; };
		1DDB6DF227399ED80079881B /* TravelWellApp.swift */ = {isa = PBXFileReference; lastKnownFileType = sourcecode.swift; path = TravelWellApp.swift; sourceTree = "<group>"; };
		1DDB6DF627399ED90079881B /* Assets.xcassets */ = {isa = PBXFileReference; lastKnownFileType = folder.assetcatalog; path = Assets.xcassets; sourceTree = "<group>"; };
		1DDB6DF927399ED90079881B /* Preview Assets.xcassets */ = {isa = PBXFileReference; lastKnownFileType = folder.assetcatalog; path = "Preview Assets.xcassets"; sourceTree = "<group>"; };
		1DDB6DFB27399ED90079881B /* Persistence.swift */ = {isa = PBXFileReference; lastKnownFileType = sourcecode.swift; path = Persistence.swift; sourceTree = "<group>"; };
		1DDB6DFE27399ED90079881B /* TravelWell.xcdatamodel */ = {isa = PBXFileReference; lastKnownFileType = wrapper.xcdatamodel; path = TravelWell.xcdatamodel; sourceTree = "<group>"; };
		1DDB6E0527399F5C0079881B /* HomeView.swift */ = {isa = PBXFileReference; lastKnownFileType = sourcecode.swift; path = HomeView.swift; sourceTree = "<group>"; };
		1DDB6E0727399FFB0079881B /* HostingTabBar.swift */ = {isa = PBXFileReference; lastKnownFileType = sourcecode.swift; path = HostingTabBar.swift; sourceTree = "<group>"; };
		1DDB6E092739A0EA0079881B /* ProfileView.swift */ = {isa = PBXFileReference; lastKnownFileType = sourcecode.swift; path = ProfileView.swift; sourceTree = "<group>"; };
		1DDB6E0B2739A0FC0079881B /* TripsView.swift */ = {isa = PBXFileReference; lastKnownFileType = sourcecode.swift; path = TripsView.swift; sourceTree = "<group>"; };
		1DDB6E0D2739A1090079881B /* MapView.swift */ = {isa = PBXFileReference; lastKnownFileType = sourcecode.swift; path = MapView.swift; sourceTree = "<group>"; };
		1DDB6E142739B6150079881B /* Model.xcdatamodel */ = {isa = PBXFileReference; lastKnownFileType = wrapper.xcdatamodel; path = Model.xcdatamodel; sourceTree = "<group>"; };
		1DDB6E1A2739C4690079881B /* AddTripView.swift */ = {isa = PBXFileReference; lastKnownFileType = sourcecode.swift; path = AddTripView.swift; sourceTree = "<group>"; };
		1DDB6E2A2739C6D50079881B /* TripView.swift */ = {isa = PBXFileReference; lastKnownFileType = sourcecode.swift; path = TripView.swift; sourceTree = "<group>"; };
		1DDB6E2C2739D34B0079881B /* MapSearchView.swift */ = {isa = PBXFileReference; lastKnownFileType = sourcecode.swift; path = MapSearchView.swift; sourceTree = "<group>"; };
		1DDB6E8A273F1A610079881B /* CovidData.swift */ = {isa = PBXFileReference; lastKnownFileType = sourcecode.swift; path = CovidData.swift; sourceTree = "<group>"; };
		1DDB6E8C273FEA620079881B /* CovidDataView.swift */ = {isa = PBXFileReference; lastKnownFileType = sourcecode.swift; path = CovidDataView.swift; sourceTree = "<group>"; };
		1DDB6E8E27465FA70079881B /* JetLagView.swift */ = {isa = PBXFileReference; lastKnownFileType = sourcecode.swift; path = JetLagView.swift; sourceTree = "<group>"; };
		1DDB6E982746702A0079881B /* Favourite+CoreDataClass.swift */ = {isa = PBXFileReference; lastKnownFileType = sourcecode.swift; path = "Favourite+CoreDataClass.swift"; sourceTree = "<group>"; };
		1DDB6E992746702A0079881B /* Favourite+CoreDataProperties.swift */ = {isa = PBXFileReference; lastKnownFileType = sourcecode.swift; path = "Favourite+CoreDataProperties.swift"; sourceTree = "<group>"; };
		1DDB6E9A2746702A0079881B /* AppProfile+CoreDataClass.swift */ = {isa = PBXFileReference; lastKnownFileType = sourcecode.swift; path = "AppProfile+CoreDataClass.swift"; sourceTree = "<group>"; };
		1DDB6E9B2746702A0079881B /* AppProfile+CoreDataProperties.swift */ = {isa = PBXFileReference; lastKnownFileType = sourcecode.swift; path = "AppProfile+CoreDataProperties.swift"; sourceTree = "<group>"; };
		1DDB6E9C2746702A0079881B /* Trip+CoreDataClass.swift */ = {isa = PBXFileReference; lastKnownFileType = sourcecode.swift; path = "Trip+CoreDataClass.swift"; sourceTree = "<group>"; };
		1DDB6E9D2746702A0079881B /* Trip+CoreDataProperties.swift */ = {isa = PBXFileReference; lastKnownFileType = sourcecode.swift; path = "Trip+CoreDataProperties.swift"; sourceTree = "<group>"; };
		1DF2D280275D730D00AD5E44 /* SafetyRatings.swift */ = {isa = PBXFileReference; lastKnownFileType = sourcecode.swift; path = SafetyRatings.swift; sourceTree = "<group>"; };
		1DF2D28E275D893100AD5E44 /* HTMLStringView.swift */ = {isa = PBXFileReference; lastKnownFileType = sourcecode.swift; path = HTMLStringView.swift; sourceTree = "<group>"; };
		1DF2D290275D90B900AD5E44 /* ResultView.swift */ = {isa = PBXFileReference; lastKnownFileType = sourcecode.swift; path = ResultView.swift; sourceTree = "<group>"; };
		1DF2D292275D918200AD5E44 /* ResultViewModel.swift */ = {isa = PBXFileReference; lastKnownFileType = sourcecode.swift; path = ResultViewModel.swift; sourceTree = "<group>"; };
/* End PBXFileReference section */

/* Begin PBXFrameworksBuildPhase section */
		1DC1DA19276046B000A647E1 /* Frameworks */ = {
			isa = PBXFrameworksBuildPhase;
			buildActionMask = 2147483647;
			files = (
			);
			runOnlyForDeploymentPostprocessing = 0;
		};
		1DDB6DEC27399ED80079881B /* Frameworks */ = {
			isa = PBXFrameworksBuildPhase;
			buildActionMask = 2147483647;
			files = (
				1DDB6E7F273C4ED50079881B /* Amadeus in Frameworks */,
			);
			runOnlyForDeploymentPostprocessing = 0;
		};
/* End PBXFrameworksBuildPhase section */

/* Begin PBXGroup section */
		1D5256612764B12B002F8BF0 /* PhotoPickerView */ = {
			isa = PBXGroup;
			children = (
				1D52565D2764B0BD002F8BF0 /* PhotoPickerView.swift */,
				1D52565F2764B101002F8BF0 /* PhotoPickerViewModel.swift */,
				1D5256692764C2B4002F8BF0 /* PhotoPicker.swift */,
			);
			path = PhotoPickerView;
			sourceTree = "<group>";
		};
		1D52566D2764E4AF002F8BF0 /* ExpenseReportView */ = {
			isa = PBXGroup;
			children = (
				1D52566E2764E4C6002F8BF0 /* ExpenseReportView.swift */,
				1D5256702764E4D7002F8BF0 /* ExpenseReportViewModel.swift */,
			);
			path = ExpenseReportView;
			sourceTree = "<group>";
		};
		1DC1DA1D276046B100A647E1 /* TravelWellTests */ = {
			isa = PBXGroup;
			children = (
				1DC1DA2527606E9300A647E1 /* CovidDataTest.swift */,
				1DC1DA2D2760831400A647E1 /* HomeViewModelTest.swift */,
				1D46266C2763A2C700D3ED21 /* TripViewModelTest.swift */,
				1DC1DA292760761C00A647E1 /* CovidJSON.json */,
				1DC1DA312760A05400A647E1 /* Persistence.swift */,
				1D46266E2763C2E400D3ED21 /* ProfileViewModelTest.swift */,
				1DA265792763D3B700325D04 /* JetLagViewModelTest.swift */,
				1DA2657B2764A46000325D04 /* CurrencyTest.swift */,
				1DA2657D2764A5CB00325D04 /* CurrencyJSON.json */,
			);
			path = TravelWellTests;
			sourceTree = "<group>";
		};
		1DDB6DE627399ED80079881B = {
			isa = PBXGroup;
			children = (
				1DDB6DF127399ED80079881B /* TravelWell */,
				1DC1DA1D276046B100A647E1 /* TravelWellTests */,
				1DDB6DF027399ED80079881B /* Products */,
			);
			sourceTree = "<group>";
		};
		1DDB6DF027399ED80079881B /* Products */ = {
			isa = PBXGroup;
			children = (
				1DDB6DEF27399ED80079881B /* TravelWell.app */,
				1DC1DA1C276046B100A647E1 /* TravelWellTests.xctest */,
			);
			name = Products;
			sourceTree = "<group>";
		};
		1DDB6DF127399ED80079881B /* TravelWell */ = {
			isa = PBXGroup;
			children = (
				1D46266927639BF400D3ED21 /* Info.plist */,
				1DF2D27E275D70AB00AD5E44 /* Views */,
				1DDB6DF227399ED80079881B /* TravelWellApp.swift */,
				1DDB6DFB27399ED90079881B /* Persistence.swift */,
				1DF2D27D275D707800AD5E44 /* Model */,
				1DDB6DF627399ED90079881B /* Assets.xcassets */,
				1DDB6DFD27399ED90079881B /* TravelWell.xcdatamodeld */,
				1DDB6DF827399ED90079881B /* Preview Content */,
			);
			path = TravelWell;
			sourceTree = "<group>";
		};
		1DDB6DF827399ED90079881B /* Preview Content */ = {
			isa = PBXGroup;
			children = (
				1DDB6DF927399ED90079881B /* Preview Assets.xcassets */,
			);
			path = "Preview Content";
			sourceTree = "<group>";
		};
		1DF2D27D275D707800AD5E44 /* Model */ = {
			isa = PBXGroup;
			children = (
				1DDB6E132739B6150079881B /* Model.xcdatamodeld */,
				1DC1DA16275F1DFE00A647E1 /* JetLagAdvice.swift */,
				1DF2D280275D730D00AD5E44 /* SafetyRatings.swift */,
				1DDB6E8A273F1A610079881B /* CovidData.swift */,
				1DB96CED275B2D39004FF2BD /* Expense+CoreDataClass.swift */,
				1DB96CEE275B2D39004FF2BD /* Expense+CoreDataProperties.swift */,
				1DDB6E982746702A0079881B /* Favourite+CoreDataClass.swift */,
				1DDB6E9A2746702A0079881B /* AppProfile+CoreDataClass.swift */,
				1DDB6E9B2746702A0079881B /* AppProfile+CoreDataProperties.swift */,
				1DDB6E9C2746702A0079881B /* Trip+CoreDataClass.swift */,
				1DDB6E9D2746702A0079881B /* Trip+CoreDataProperties.swift */,
				1DDB6E992746702A0079881B /* Favourite+CoreDataProperties.swift */,
				1DAD27B4275DF56000F8773D /* Location.swift */,
				1DAD27B6275DF57900F8773D /* ExchangeRates.swift */,
			);
			path = Model;
			sourceTree = "<group>";
		};
		1DF2D27E275D70AB00AD5E44 /* Views */ = {
			isa = PBXGroup;
			children = (
				1D52566D2764E4AF002F8BF0 /* ExpenseReportView */,
				1D5256612764B12B002F8BF0 /* PhotoPickerView */,
				1DF2D284275D7CE100AD5E44 /* HomeView */,
				1DF2D28A275D7F1900AD5E44 /* MapSearchView */,
				1DF2D288275D7EF700AD5E44 /* MapView */,
				1DF2D289275D7F0100AD5E44 /* CovidDataView */,
				1DF2D287275D7EE700AD5E44 /* TripsView */,
				1DF2D286275D7ECE00AD5E44 /* ProfileView */,
				1DF2D285275D7D3800AD5E44 /* JetLagView */,
				1DF2D283275D7BDB00AD5E44 /* AddTripView */,
				1DF2D27F275D72CA00AD5E44 /* TripView */,
				1DDB6E0727399FFB0079881B /* HostingTabBar.swift */,
			);
			path = Views;
			sourceTree = "<group>";
		};
		1DF2D27F275D72CA00AD5E44 /* TripView */ = {
			isa = PBXGroup;
			children = (
				1DDB6E2A2739C6D50079881B /* TripView.swift */,
				1D3995F9275CDB3F00B8E433 /* TripViewModel.swift */,
			);
			path = TripView;
			sourceTree = "<group>";
		};
		1DF2D283275D7BDB00AD5E44 /* AddTripView */ = {
			isa = PBXGroup;
			children = (
				1DDB6E1A2739C4690079881B /* AddTripView.swift */,
				1DF2D290275D90B900AD5E44 /* ResultView.swift */,
				1DF2D292275D918200AD5E44 /* ResultViewModel.swift */,
				1DAD27BC275DFBC000F8773D /* AddTripViewModel.swift */,
			);
			path = AddTripView;
			sourceTree = "<group>";
		};
		1DF2D284275D7CE100AD5E44 /* HomeView */ = {
			isa = PBXGroup;
			children = (
				1DDB6E0527399F5C0079881B /* HomeView.swift */,
				1D3995F7275CD9F200B8E433 /* HomeViewModel.swift */,
				1DAD27BE275E066200F8773D /* LocationServicesModel.swift */,
			);
			path = HomeView;
			sourceTree = "<group>";
		};
		1DF2D285275D7D3800AD5E44 /* JetLagView */ = {
			isa = PBXGroup;
			children = (
				1DDB6E8E27465FA70079881B /* JetLagView.swift */,
				1DAD27C0275E073D00F8773D /* JetLagViewModel.swift */,
			);
			path = JetLagView;
			sourceTree = "<group>";
		};
		1DF2D286275D7ECE00AD5E44 /* ProfileView */ = {
			isa = PBXGroup;
			children = (
				1DDB6E092739A0EA0079881B /* ProfileView.swift */,
				1DAD27B8275DF86A00F8773D /* ProfileViewModel.swift */,
			);
			path = ProfileView;
			sourceTree = "<group>";
		};
		1DF2D287275D7EE700AD5E44 /* TripsView */ = {
			isa = PBXGroup;
			children = (
				1DDB6E0B2739A0FC0079881B /* TripsView.swift */,
			);
			path = TripsView;
			sourceTree = "<group>";
		};
		1DF2D288275D7EF700AD5E44 /* MapView */ = {
			isa = PBXGroup;
			children = (
				1DDB6E0D2739A1090079881B /* MapView.swift */,
			);
			path = MapView;
			sourceTree = "<group>";
		};
		1DF2D289275D7F0100AD5E44 /* CovidDataView */ = {
			isa = PBXGroup;
			children = (
				1DDB6E8C273FEA620079881B /* CovidDataView.swift */,
				1DF2D28E275D893100AD5E44 /* HTMLStringView.swift */,
			);
			path = CovidDataView;
			sourceTree = "<group>";
		};
		1DF2D28A275D7F1900AD5E44 /* MapSearchView */ = {
			isa = PBXGroup;
			children = (
				1DDB6E2C2739D34B0079881B /* MapSearchView.swift */,
				1DAD27BA275DFA5600F8773D /* MapSearchViewModel.swift */,
			);
			path = MapSearchView;
			sourceTree = "<group>";
		};
/* End PBXGroup section */

/* Begin PBXNativeTarget section */
		1DC1DA1B276046B000A647E1 /* TravelWellTests */ = {
			isa = PBXNativeTarget;
			buildConfigurationList = 1DC1DA24276046B100A647E1 /* Build configuration list for PBXNativeTarget "TravelWellTests" */;
			buildPhases = (
				1DC1DA18276046B000A647E1 /* Sources */,
				1DC1DA19276046B000A647E1 /* Frameworks */,
				1DC1DA1A276046B000A647E1 /* Resources */,
			);
			buildRules = (
			);
			dependencies = (
				1DC1DA21276046B100A647E1 /* PBXTargetDependency */,
			);
			name = TravelWellTests;
			productName = TravelWellTests;
			productReference = 1DC1DA1C276046B100A647E1 /* TravelWellTests.xctest */;
			productType = "com.apple.product-type.bundle.unit-test";
		};
		1DDB6DEE27399ED80079881B /* TravelWell */ = {
			isa = PBXNativeTarget;
			buildConfigurationList = 1DDB6E0227399ED90079881B /* Build configuration list for PBXNativeTarget "TravelWell" */;
			buildPhases = (
				1DDB6DEB27399ED80079881B /* Sources */,
				1DDB6DEC27399ED80079881B /* Frameworks */,
				1DDB6DED27399ED80079881B /* Resources */,
			);
			buildRules = (
			);
			dependencies = (
			);
			name = TravelWell;
			packageProductDependencies = (
				1DDB6E7E273C4ED50079881B /* Amadeus */,
			);
			productName = TravelWell;
			productReference = 1DDB6DEF27399ED80079881B /* TravelWell.app */;
			productType = "com.apple.product-type.application";
		};
/* End PBXNativeTarget section */

/* Begin PBXProject section */
		1DDB6DE727399ED80079881B /* Project object */ = {
			isa = PBXProject;
			attributes = {
				BuildIndependentTargetsInParallel = 1;
				LastSwiftUpdateCheck = 1320;
				LastUpgradeCheck = 1310;
				TargetAttributes = {
					1DC1DA1B276046B000A647E1 = {
						CreatedOnToolsVersion = 13.2;
						TestTargetID = 1DDB6DEE27399ED80079881B;
					};
					1DDB6DEE27399ED80079881B = {
						CreatedOnToolsVersion = 13.1;
					};
				};
			};
			buildConfigurationList = 1DDB6DEA27399ED80079881B /* Build configuration list for PBXProject "TravelWell" */;
			compatibilityVersion = "Xcode 13.0";
			developmentRegion = en;
			hasScannedForEncodings = 0;
			knownRegions = (
				en,
				Base,
			);
			mainGroup = 1DDB6DE627399ED80079881B;
			packageReferences = (
				1DDB6E7D273C4ED50079881B /* XCRemoteSwiftPackageReference "amadeus-swift" */,
			);
			productRefGroup = 1DDB6DF027399ED80079881B /* Products */;
			projectDirPath = "";
			projectRoot = "";
			targets = (
				1DDB6DEE27399ED80079881B /* TravelWell */,
				1DC1DA1B276046B000A647E1 /* TravelWellTests */,
			);
		};
/* End PBXProject section */

/* Begin PBXResourcesBuildPhase section */
		1DC1DA1A276046B000A647E1 /* Resources */ = {
			isa = PBXResourcesBuildPhase;
			buildActionMask = 2147483647;
			files = (
				1DC1DA2A2760761C00A647E1 /* CovidJSON.json in Resources */,
			);
			runOnlyForDeploymentPostprocessing = 0;
		};
		1DDB6DED27399ED80079881B /* Resources */ = {
			isa = PBXResourcesBuildPhase;
			buildActionMask = 2147483647;
			files = (
				1DDB6DFA27399ED90079881B /* Preview Assets.xcassets in Resources */,
				1DDB6DF727399ED90079881B /* Assets.xcassets in Resources */,
			);
			runOnlyForDeploymentPostprocessing = 0;
		};
/* End PBXResourcesBuildPhase section */

/* Begin PBXSourcesBuildPhase section */
		1DC1DA18276046B000A647E1 /* Sources */ = {
			isa = PBXSourcesBuildPhase;
			buildActionMask = 2147483647;
			files = (
				1D46266F2763C2E400D3ED21 /* ProfileViewModelTest.swift in Sources */,
				1DA2657A2763D3B700325D04 /* JetLagViewModelTest.swift in Sources */,
				1DC1DA2E2760831400A647E1 /* HomeViewModelTest.swift in Sources */,
				1DA2657C2764A46000325D04 /* CurrencyTest.swift in Sources */,
				1D46266D2763A2C700D3ED21 /* TripViewModelTest.swift in Sources */,
				1DC1DA2627606E9300A647E1 /* CovidDataTest.swift in Sources */,
				1DC1DA322760A05400A647E1 /* Persistence.swift in Sources */,
			);
			runOnlyForDeploymentPostprocessing = 0;
		};
		1DDB6DEB27399ED80079881B /* Sources */ = {
			isa = PBXSourcesBuildPhase;
			buildActionMask = 2147483647;
			files = (
				1DDB6E1B2739C4690079881B /* AddTripView.swift in Sources */,
				1DDB6EA22746702A0079881B /* Trip+CoreDataClass.swift in Sources */,
				1DAD27B5275DF56000F8773D /* Location.swift in Sources */,
				1DDB6DFC27399ED90079881B /* Persistence.swift in Sources */,
				1DF2D291275D90B900AD5E44 /* ResultView.swift in Sources */,
				1DDB6DFF27399ED90079881B /* TravelWell.xcdatamodeld in Sources */,
				1DDB6E8F27465FA70079881B /* JetLagView.swift in Sources */,
				1DDB6E8B273F1A610079881B /* CovidData.swift in Sources */,
				1DF2D281275D730D00AD5E44 /* SafetyRatings.swift in Sources */,
				1DAD27B7275DF57900F8773D /* ExchangeRates.swift in Sources */,
				1DDB6E0627399F5C0079881B /* HomeView.swift in Sources */,
				1D5256622764B144002F8BF0 /* PhotoPickerView.swift in Sources */,
				1DAD27C1275E073D00F8773D /* JetLagViewModel.swift in Sources */,
				1D3995F8275CD9F200B8E433 /* HomeViewModel.swift in Sources */,
				1D5256632764B144002F8BF0 /* PhotoPickerViewModel.swift in Sources */,
				1DAD27BB275DFA5600F8773D /* MapSearchViewModel.swift in Sources */,
				1DDB6EA12746702A0079881B /* AppProfile+CoreDataProperties.swift in Sources */,
				1DDB6EA02746702A0079881B /* AppProfile+CoreDataClass.swift in Sources */,
				1DAD27BD275DFBC000F8773D /* AddTripViewModel.swift in Sources */,
				1DB96CEF275B2D39004FF2BD /* Expense+CoreDataClass.swift in Sources */,
				1DDB6E9E2746702A0079881B /* Favourite+CoreDataClass.swift in Sources */,
				1DDB6E0827399FFB0079881B /* HostingTabBar.swift in Sources */,
				1DAD27BF275E066200F8773D /* LocationServicesModel.swift in Sources */,
				1DDB6E0A2739A0EA0079881B /* ProfileView.swift in Sources */,
				1D52566F2764E4C6002F8BF0 /* ExpenseReportView.swift in Sources */,
				1DDB6E2B2739C6D50079881B /* TripView.swift in Sources */,
				1DDB6E2D2739D34B0079881B /* MapSearchView.swift in Sources */,
				1D5256712764E4D7002F8BF0 /* ExpenseReportViewModel.swift in Sources */,
				1DDB6DF327399ED80079881B /* TravelWellApp.swift in Sources */,
				1DC1DA17275F1DFE00A647E1 /* JetLagAdvice.swift in Sources */,
				1D52566A2764C2B5002F8BF0 /* PhotoPicker.swift in Sources */,
				1DDB6EA32746702A0079881B /* Trip+CoreDataProperties.swift in Sources */,
				1D3995FA275CDB3F00B8E433 /* TripViewModel.swift in Sources */,
				1DDB6E152739B6150079881B /* Model.xcdatamodeld in Sources */,
				1DDB6E8D273FEA620079881B /* CovidDataView.swift in Sources */,
				1DDB6E9F2746702A0079881B /* Favourite+CoreDataProperties.swift in Sources */,
				1DF2D293275D918200AD5E44 /* ResultViewModel.swift in Sources */,
				1DF2D28F275D893100AD5E44 /* HTMLStringView.swift in Sources */,
				1DAD27B9275DF86A00F8773D /* ProfileViewModel.swift in Sources */,
				1DDB6E0E2739A1090079881B /* MapView.swift in Sources */,
				1DB96CF0275B2D39004FF2BD /* Expense+CoreDataProperties.swift in Sources */,
				1DDB6E0C2739A0FC0079881B /* TripsView.swift in Sources */,
			);
			runOnlyForDeploymentPostprocessing = 0;
		};
/* End PBXSourcesBuildPhase section */

/* Begin PBXTargetDependency section */
		1DC1DA21276046B100A647E1 /* PBXTargetDependency */ = {
			isa = PBXTargetDependency;
			target = 1DDB6DEE27399ED80079881B /* TravelWell */;
			targetProxy = 1DC1DA20276046B100A647E1 /* PBXContainerItemProxy */;
		};
/* End PBXTargetDependency section */

/* Begin XCBuildConfiguration section */
		1DC1DA22276046B100A647E1 /* Debug */ = {
			isa = XCBuildConfiguration;
			buildSettings = {
				BUNDLE_LOADER = "$(TEST_HOST)";
				CODE_SIGN_STYLE = Automatic;
				CURRENT_PROJECT_VERSION = 1;
				DEVELOPMENT_TEAM = MFNR55U7DN;
				GENERATE_INFOPLIST_FILE = YES;
				IPHONEOS_DEPLOYMENT_TARGET = 15.1;
				MARKETING_VERSION = 1.0;
				PRODUCT_BUNDLE_IDENTIFIER = UoG.TravelWellTests;
				PRODUCT_NAME = "$(TARGET_NAME)";
				SWIFT_EMIT_LOC_STRINGS = NO;
				SWIFT_VERSION = 5.0;
				TARGETED_DEVICE_FAMILY = "1,2";
				TEST_HOST = "$(BUILT_PRODUCTS_DIR)/TravelWell.app/TravelWell";
			};
			name = Debug;
		};
		1DC1DA23276046B100A647E1 /* Release */ = {
			isa = XCBuildConfiguration;
			buildSettings = {
				BUNDLE_LOADER = "$(TEST_HOST)";
				CODE_SIGN_STYLE = Automatic;
				CURRENT_PROJECT_VERSION = 1;
				DEVELOPMENT_TEAM = MFNR55U7DN;
				GENERATE_INFOPLIST_FILE = YES;
				IPHONEOS_DEPLOYMENT_TARGET = 15.1;
				MARKETING_VERSION = 1.0;
				PRODUCT_BUNDLE_IDENTIFIER = UoG.TravelWellTests;
				PRODUCT_NAME = "$(TARGET_NAME)";
				SWIFT_EMIT_LOC_STRINGS = NO;
				SWIFT_VERSION = 5.0;
				TARGETED_DEVICE_FAMILY = "1,2";
				TEST_HOST = "$(BUILT_PRODUCTS_DIR)/TravelWell.app/TravelWell";
			};
			name = Release;
		};
		1DDB6E0027399ED90079881B /* Debug */ = {
			isa = XCBuildConfiguration;
			buildSettings = {
				ALWAYS_SEARCH_USER_PATHS = NO;
				CLANG_ANALYZER_NONNULL = YES;
				CLANG_ANALYZER_NUMBER_OBJECT_CONVERSION = YES_AGGRESSIVE;
				CLANG_CXX_LANGUAGE_STANDARD = "gnu++17";
				CLANG_CXX_LIBRARY = "libc++";
				CLANG_ENABLE_MODULES = YES;
				CLANG_ENABLE_OBJC_ARC = YES;
				CLANG_ENABLE_OBJC_WEAK = YES;
				CLANG_WARN_BLOCK_CAPTURE_AUTORELEASING = YES;
				CLANG_WARN_BOOL_CONVERSION = YES;
				CLANG_WARN_COMMA = YES;
				CLANG_WARN_CONSTANT_CONVERSION = YES;
				CLANG_WARN_DEPRECATED_OBJC_IMPLEMENTATIONS = YES;
				CLANG_WARN_DIRECT_OBJC_ISA_USAGE = YES_ERROR;
				CLANG_WARN_DOCUMENTATION_COMMENTS = YES;
				CLANG_WARN_EMPTY_BODY = YES;
				CLANG_WARN_ENUM_CONVERSION = YES;
				CLANG_WARN_INFINITE_RECURSION = YES;
				CLANG_WARN_INT_CONVERSION = YES;
				CLANG_WARN_NON_LITERAL_NULL_CONVERSION = YES;
				CLANG_WARN_OBJC_IMPLICIT_RETAIN_SELF = YES;
				CLANG_WARN_OBJC_LITERAL_CONVERSION = YES;
				CLANG_WARN_OBJC_ROOT_CLASS = YES_ERROR;
				CLANG_WARN_QUOTED_INCLUDE_IN_FRAMEWORK_HEADER = YES;
				CLANG_WARN_RANGE_LOOP_ANALYSIS = YES;
				CLANG_WARN_STRICT_PROTOTYPES = YES;
				CLANG_WARN_SUSPICIOUS_MOVE = YES;
				CLANG_WARN_UNGUARDED_AVAILABILITY = YES_AGGRESSIVE;
				CLANG_WARN_UNREACHABLE_CODE = YES;
				CLANG_WARN__DUPLICATE_METHOD_MATCH = YES;
				COPY_PHASE_STRIP = NO;
				DEBUG_INFORMATION_FORMAT = dwarf;
				ENABLE_STRICT_OBJC_MSGSEND = YES;
				ENABLE_TESTABILITY = YES;
				GCC_C_LANGUAGE_STANDARD = gnu11;
				GCC_DYNAMIC_NO_PIC = NO;
				GCC_NO_COMMON_BLOCKS = YES;
				GCC_OPTIMIZATION_LEVEL = 0;
				GCC_PREPROCESSOR_DEFINITIONS = (
					"DEBUG=1",
					"$(inherited)",
				);
				GCC_WARN_64_TO_32_BIT_CONVERSION = YES;
				GCC_WARN_ABOUT_RETURN_TYPE = YES_ERROR;
				GCC_WARN_UNDECLARED_SELECTOR = YES;
				GCC_WARN_UNINITIALIZED_AUTOS = YES_AGGRESSIVE;
				GCC_WARN_UNUSED_FUNCTION = YES;
				GCC_WARN_UNUSED_VARIABLE = YES;
				IPHONEOS_DEPLOYMENT_TARGET = 15.0;
				MTL_ENABLE_DEBUG_INFO = INCLUDE_SOURCE;
				MTL_FAST_MATH = YES;
				ONLY_ACTIVE_ARCH = YES;
				SDKROOT = iphoneos;
				SWIFT_ACTIVE_COMPILATION_CONDITIONS = DEBUG;
				SWIFT_OPTIMIZATION_LEVEL = "-Onone";
			};
			name = Debug;
		};
		1DDB6E0127399ED90079881B /* Release */ = {
			isa = XCBuildConfiguration;
			buildSettings = {
				ALWAYS_SEARCH_USER_PATHS = NO;
				CLANG_ANALYZER_NONNULL = YES;
				CLANG_ANALYZER_NUMBER_OBJECT_CONVERSION = YES_AGGRESSIVE;
				CLANG_CXX_LANGUAGE_STANDARD = "gnu++17";
				CLANG_CXX_LIBRARY = "libc++";
				CLANG_ENABLE_MODULES = YES;
				CLANG_ENABLE_OBJC_ARC = YES;
				CLANG_ENABLE_OBJC_WEAK = YES;
				CLANG_WARN_BLOCK_CAPTURE_AUTORELEASING = YES;
				CLANG_WARN_BOOL_CONVERSION = YES;
				CLANG_WARN_COMMA = YES;
				CLANG_WARN_CONSTANT_CONVERSION = YES;
				CLANG_WARN_DEPRECATED_OBJC_IMPLEMENTATIONS = YES;
				CLANG_WARN_DIRECT_OBJC_ISA_USAGE = YES_ERROR;
				CLANG_WARN_DOCUMENTATION_COMMENTS = YES;
				CLANG_WARN_EMPTY_BODY = YES;
				CLANG_WARN_ENUM_CONVERSION = YES;
				CLANG_WARN_INFINITE_RECURSION = YES;
				CLANG_WARN_INT_CONVERSION = YES;
				CLANG_WARN_NON_LITERAL_NULL_CONVERSION = YES;
				CLANG_WARN_OBJC_IMPLICIT_RETAIN_SELF = YES;
				CLANG_WARN_OBJC_LITERAL_CONVERSION = YES;
				CLANG_WARN_OBJC_ROOT_CLASS = YES_ERROR;
				CLANG_WARN_QUOTED_INCLUDE_IN_FRAMEWORK_HEADER = YES;
				CLANG_WARN_RANGE_LOOP_ANALYSIS = YES;
				CLANG_WARN_STRICT_PROTOTYPES = YES;
				CLANG_WARN_SUSPICIOUS_MOVE = YES;
				CLANG_WARN_UNGUARDED_AVAILABILITY = YES_AGGRESSIVE;
				CLANG_WARN_UNREACHABLE_CODE = YES;
				CLANG_WARN__DUPLICATE_METHOD_MATCH = YES;
				COPY_PHASE_STRIP = NO;
				DEBUG_INFORMATION_FORMAT = "dwarf-with-dsym";
				ENABLE_NS_ASSERTIONS = NO;
				ENABLE_STRICT_OBJC_MSGSEND = YES;
				GCC_C_LANGUAGE_STANDARD = gnu11;
				GCC_NO_COMMON_BLOCKS = YES;
				GCC_WARN_64_TO_32_BIT_CONVERSION = YES;
				GCC_WARN_ABOUT_RETURN_TYPE = YES_ERROR;
				GCC_WARN_UNDECLARED_SELECTOR = YES;
				GCC_WARN_UNINITIALIZED_AUTOS = YES_AGGRESSIVE;
				GCC_WARN_UNUSED_FUNCTION = YES;
				GCC_WARN_UNUSED_VARIABLE = YES;
				IPHONEOS_DEPLOYMENT_TARGET = 15.0;
				MTL_ENABLE_DEBUG_INFO = NO;
				MTL_FAST_MATH = YES;
				SDKROOT = iphoneos;
				SWIFT_COMPILATION_MODE = wholemodule;
				SWIFT_OPTIMIZATION_LEVEL = "-O";
				VALIDATE_PRODUCT = YES;
			};
			name = Release;
		};
		1DDB6E0327399ED90079881B /* Debug */ = {
			isa = XCBuildConfiguration;
			buildSettings = {
				ASSETCATALOG_COMPILER_APPICON_NAME = AppIcon;
				ASSETCATALOG_COMPILER_GLOBAL_ACCENT_COLOR_NAME = AccentColor;
				CODE_SIGN_STYLE = Automatic;
				CURRENT_PROJECT_VERSION = 1;
				DEVELOPMENT_ASSET_PATHS = "\"TravelWell/Preview Content\"";
				DEVELOPMENT_TEAM = MFNR55U7DN;
				ENABLE_PREVIEWS = YES;
				GENERATE_INFOPLIST_FILE = YES;
				INFOPLIST_FILE = TravelWell/Info.plist;
				INFOPLIST_KEY_CFBundleDisplayName = TravelWell;
				INFOPLIST_KEY_NSCalendarsUsageDescription = "We'd like to access your calendar to add events.";
				INFOPLIST_KEY_NSLocationWhenInUseUsageDescription = "We'd like acess to your location to display on the map";
				INFOPLIST_KEY_NSPhotoLibraryAddUsageDescription = "We would like to add your expense report to your photos";
				INFOPLIST_KEY_NSPhotoLibraryUsageDescription = "We'd like to acess receipt photos";
				INFOPLIST_KEY_UIApplicationSceneManifest_Generation = YES;
				INFOPLIST_KEY_UIApplicationSupportsIndirectInputEvents = YES;
				INFOPLIST_KEY_UILaunchScreen_Generation = YES;
				INFOPLIST_KEY_UISupportedInterfaceOrientations_iPad = "UIInterfaceOrientationPortrait UIInterfaceOrientationPortraitUpsideDown UIInterfaceOrientationLandscapeLeft UIInterfaceOrientationLandscapeRight";
				INFOPLIST_KEY_UISupportedInterfaceOrientations_iPhone = "UIInterfaceOrientationPortrait UIInterfaceOrientationLandscapeLeft UIInterfaceOrientationLandscapeRight";
				LD_RUNPATH_SEARCH_PATHS = (
					"$(inherited)",
					"@executable_path/Frameworks",
				);
				MARKETING_VERSION = 1.0;
				PRODUCT_BUNDLE_IDENTIFIER = UoG.TravelWell;
				PRODUCT_NAME = "$(TARGET_NAME)";
				SWIFT_EMIT_LOC_STRINGS = YES;
				SWIFT_VERSION = 5.0;
				TARGETED_DEVICE_FAMILY = "1,2";
			};
			name = Debug;
		};
		1DDB6E0427399ED90079881B /* Release */ = {
			isa = XCBuildConfiguration;
			buildSettings = {
				ASSETCATALOG_COMPILER_APPICON_NAME = AppIcon;
				ASSETCATALOG_COMPILER_GLOBAL_ACCENT_COLOR_NAME = AccentColor;
				CODE_SIGN_STYLE = Automatic;
				CURRENT_PROJECT_VERSION = 1;
				DEVELOPMENT_ASSET_PATHS = "\"TravelWell/Preview Content\"";
				DEVELOPMENT_TEAM = MFNR55U7DN;
				ENABLE_PREVIEWS = YES;
				GENERATE_INFOPLIST_FILE = YES;
				INFOPLIST_FILE = TravelWell/Info.plist;
				INFOPLIST_KEY_CFBundleDisplayName = TravelWell;
				INFOPLIST_KEY_NSCalendarsUsageDescription = "We'd like to access your calendar to add events.";
				INFOPLIST_KEY_NSLocationWhenInUseUsageDescription = "We'd like acess to your location to display on the map";
				INFOPLIST_KEY_NSPhotoLibraryAddUsageDescription = "We would like to add your expense report to your photos";
				INFOPLIST_KEY_NSPhotoLibraryUsageDescription = "We'd like to acess receipt photos";
				INFOPLIST_KEY_UIApplicationSceneManifest_Generation = YES;
				INFOPLIST_KEY_UIApplicationSupportsIndirectInputEvents = YES;
				INFOPLIST_KEY_UILaunchScreen_Generation = YES;
				INFOPLIST_KEY_UISupportedInterfaceOrientations_iPad = "UIInterfaceOrientationPortrait UIInterfaceOrientationPortraitUpsideDown UIInterfaceOrientationLandscapeLeft UIInterfaceOrientationLandscapeRight";
				INFOPLIST_KEY_UISupportedInterfaceOrientations_iPhone = "UIInterfaceOrientationPortrait UIInterfaceOrientationLandscapeLeft UIInterfaceOrientationLandscapeRight";
				LD_RUNPATH_SEARCH_PATHS = (
					"$(inherited)",
					"@executable_path/Frameworks",
				);
				MARKETING_VERSION = 1.0;
				PRODUCT_BUNDLE_IDENTIFIER = UoG.TravelWell;
				PRODUCT_NAME = "$(TARGET_NAME)";
				SWIFT_EMIT_LOC_STRINGS = YES;
				SWIFT_VERSION = 5.0;
				TARGETED_DEVICE_FAMILY = "1,2";
			};
			name = Release;
		};
/* End XCBuildConfiguration section */

/* Begin XCConfigurationList section */
		1DC1DA24276046B100A647E1 /* Build configuration list for PBXNativeTarget "TravelWellTests" */ = {
			isa = XCConfigurationList;
			buildConfigurations = (
				1DC1DA22276046B100A647E1 /* Debug */,
				1DC1DA23276046B100A647E1 /* Release */,
			);
			defaultConfigurationIsVisible = 0;
			defaultConfigurationName = Release;
		};
		1DDB6DEA27399ED80079881B /* Build configuration list for PBXProject "TravelWell" */ = {
			isa = XCConfigurationList;
			buildConfigurations = (
				1DDB6E0027399ED90079881B /* Debug */,
				1DDB6E0127399ED90079881B /* Release */,
			);
			defaultConfigurationIsVisible = 0;
			defaultConfigurationName = Release;
		};
		1DDB6E0227399ED90079881B /* Build configuration list for PBXNativeTarget "TravelWell" */ = {
			isa = XCConfigurationList;
			buildConfigurations = (
				1DDB6E0327399ED90079881B /* Debug */,
				1DDB6E0427399ED90079881B /* Release */,
			);
			defaultConfigurationIsVisible = 0;
			defaultConfigurationName = Release;
		};
/* End XCConfigurationList section */

/* Begin XCRemoteSwiftPackageReference section */
		1DDB6E7D273C4ED50079881B /* XCRemoteSwiftPackageReference "amadeus-swift" */ = {
			isa = XCRemoteSwiftPackageReference;
			repositoryURL = "https://github.com/amadeus4dev/amadeus-swift.git";
			requirement = {
				branch = master;
				kind = branch;
			};
		};
/* End XCRemoteSwiftPackageReference section */

/* Begin XCSwiftPackageProductDependency section */
		1DDB6E7E273C4ED50079881B /* Amadeus */ = {
			isa = XCSwiftPackageProductDependency;
			package = 1DDB6E7D273C4ED50079881B /* XCRemoteSwiftPackageReference "amadeus-swift" */;
			productName = Amadeus;
		};
/* End XCSwiftPackageProductDependency section */

/* Begin XCVersionGroup section */
		1DDB6DFD27399ED90079881B /* TravelWell.xcdatamodeld */ = {
			isa = XCVersionGroup;
			children = (
				1DDB6DFE27399ED90079881B /* TravelWell.xcdatamodel */,
			);
			currentVersion = 1DDB6DFE27399ED90079881B /* TravelWell.xcdatamodel */;
			path = TravelWell.xcdatamodeld;
			sourceTree = "<group>";
			versionGroupType = wrapper.xcdatamodel;
		};
		1DDB6E132739B6150079881B /* Model.xcdatamodeld */ = {
			isa = XCVersionGroup;
			children = (
				1DDB6E142739B6150079881B /* Model.xcdatamodel */,
			);
			currentVersion = 1DDB6E142739B6150079881B /* Model.xcdatamodel */;
			path = Model.xcdatamodeld;
			sourceTree = "<group>";
			versionGroupType = wrapper.xcdatamodel;
		};
/* End XCVersionGroup section */
	};
	rootObject = 1DDB6DE727399ED80079881B /* Project object */;
}
